
Microsoft Visual Studio Solution File, Format Version 12.00
# Visual Studio 2013
VisualStudioVersion = 12.0.30110.0
MinimumVisualStudioVersion = 10.0.40219.1
Project("{FAE04EC0-301F-11D3-BF4B-00C04F79EFBC}") = "NAppTracking.Server", "NAppTracking.Server\NAppTracking.Server.csproj", "{2643E2C9-A767-4890-9C48-7AFE0F15811E}"
EndProject
Project("{FAE04EC0-301F-11D3-BF4B-00C04F79EFBC}") = "NAppTracking.Server.Tests", "NAppTracking.Server.Tests\NAppTracking.Server.Tests.csproj", "{C3E08766-4487-4025-96E9-E76940E70347}"
EndProject
Project("{2150E333-8FDC-42A3-9474-1A3956D46DE8}") = ".nuget", ".nuget", "{B654F4C8-5F5F-4FC4-A974-4144982299CE}"
	ProjectSection(SolutionItems) = preProject
		.nuget\NuGet.Config = .nuget\NuGet.Config
		.nuget\NuGet.exe = .nuget\NuGet.exe
		.nuget\NuGet.targets = .nuget\NuGet.targets
	EndProjectSection
EndProject
Project("{FAE04EC0-301F-11D3-BF4B-00C04F79EFBC}") = "NAppTracking.Client.Demo", "NAppTracking.Client.Demo\NAppTracking.Client.Demo.csproj", "{F29373F4-AFCD-417A-8754-C83ED1D246D5}"
EndProject
Project("{FAE04EC0-301F-11D3-BF4B-00C04F79EFBC}") = "NAppTracking.Client", "NAppTracking.Client\NAppTracking.Client.csproj", "{27CE8985-824E-4BDE-BB8A-6C363AB66BAE}"
EndProject
Global
	GlobalSection(SolutionConfigurationPlatforms) = preSolution
		Debug|Any CPU = Debug|Any CPU
		Release|Any CPU = Release|Any CPU
	EndGlobalSection
	GlobalSection(ProjectConfigurationPlatforms) = postSolution
		{2643E2C9-A767-4890-9C48-7AFE0F15811E}.Debug|Any CPU.ActiveCfg = Debug|Any CPU
		{2643E2C9-A767-4890-9C48-7AFE0F15811E}.Debug|Any CPU.Build.0 = Debug|Any CPU
		{2643E2C9-A767-4890-9C48-7AFE0F15811E}.Release|Any CPU.ActiveCfg = Release|Any CPU
		{2643E2C9-A767-4890-9C48-7AFE0F15811E}.Release|Any CPU.Build.0 = Release|Any CPU
		{C3E08766-4487-4025-96E9-E76940E70347}.Debug|Any CPU.ActiveCfg = Debug|Any CPU
		{C3E08766-4487-4025-96E9-E76940E70347}.Debug|Any CPU.Build.0 = Debug|Any CPU
		{C3E08766-4487-4025-96E9-E76940E70347}.Release|Any CPU.ActiveCfg = Release|Any CPU
		{C3E08766-4487-4025-96E9-E76940E70347}.Release|Any CPU.Build.0 = Release|Any CPU
		{F29373F4-AFCD-417A-8754-C83ED1D246D5}.Debug|Any CPU.ActiveCfg = Debug|Any CPU
		{F29373F4-AFCD-417A-8754-C83ED1D246D5}.Debug|Any CPU.Build.0 = Debug|Any CPU
		{F29373F4-AFCD-417A-8754-C83ED1D246D5}.Release|Any CPU.ActiveCfg = Release|Any CPU
		{F29373F4-AFCD-417A-8754-C83ED1D246D5}.Release|Any CPU.Build.0 = Release|Any CPU
		{27CE8985-824E-4BDE-BB8A-6C363AB66BAE}.Debug|Any CPU.ActiveCfg = Debug|Any CPU
		{27CE8985-824E-4BDE-BB8A-6C363AB66BAE}.Debug|Any CPU.Build.0 = Debug|Any CPU
		{27CE8985-824E-4BDE-BB8A-6C363AB66BAE}.Release|Any CPU.ActiveCfg = Release|Any CPU
		{27CE8985-824E-4BDE-BB8A-6C363AB66BAE}.Release|Any CPU.Build.0 = Release|Any CPU
	EndGlobalSection
	GlobalSection(SolutionProperties) = preSolution
		HideSolutionNode = FALSE
	EndGlobalSection
EndGlobal
